// !$*UTF8*$!
{
	archiveVersion = 1;
	classes = {
	};
	objectVersion = 77;
	objects = {

/* Begin PBXBuildFile section */
		E6A100013057BEEF005A8870 /* Expense in Frameworks */ = {isa = PBXBuildFile; productRef = E6A100033057BEEF005A8870 /* Expense */; };
/* End PBXBuildFile section */

/* Begin PBXContainerItemProxy section */
		E60ED2C230572BD7005A8870 /* PBXContainerItemProxy */ = {
			isa = PBXContainerItemProxy;
			containerPortal = E60ED2AC30572BD3005A8870 /* Project object */;
			proxyType = 1;
			remoteGlobalIDString = E60ED2B330572BD3005A8870;
			remoteInfo = ExpenseViewer;
		};
		E60ED2CC30572BD7005A8870 /* PBXContainerItemProxy */ = {
			isa = PBXContainerItemProxy;
			containerPortal = E60ED2AC30572BD3005A8870 /* Project object */;
			proxyType = 1;
			remoteGlobalIDString = E60ED2B330572BD3005A8870;
			remoteInfo = ExpenseViewer;
		};
/* End PBXContainerItemProxy section */

/* Begin PBXFileReference section */
		E60ED2B430572BD3005A8870 /* ExpenseViewer.app */ = {isa = PBXFileReference; explicitFileType = wrapper.application; includeInIndex = 0; path = ExpenseViewer.app; sourceTree = BUILT_PRODUCTS_DIR; };
		E60ED2C130572BD7005A8870 /* ExpenseViewerTests.xctest */ = {isa = PBXFileReference; explicitFileType = wrapper.cfbundle; includeInIndex = 0; path = ExpenseViewerTests.xctest; sourceTree = BUILT_PRODUCTS_DIR; };
		E60ED2CB30572BD7005A8870 /* ExpenseViewerUITests.xctest */ = {isa = PBXFileReference; explicitFileType = wrapper.cfbundle; includeInIndex = 0; path = ExpenseViewerUITests.xctest; sourceTree = BUILT_PRODUCTS_DIR; };
/* End PBXFileReference section */

/* Begin PBXFileSystemSynchronizedRootGroup section */
		E60ED2B630572BD3005A8870 /* ExpenseViewer */ = {
			isa = PBXFileSystemSynchronizedRootGroup;
			path = ExpenseViewer;
			sourceTree = "<group>";
		};
		E60ED2C430572BD7005A8870 /* ExpenseViewerTests */ = {
			isa = PBXFileSystemSynchronizedRootGroup;
			path = ExpenseViewerTests;
			sourceTree = "<group>";
		};
		E60ED2CE30572BD7005A8870 /* ExpenseViewerUITests */ = {
			isa = PBXFileSystemSynchronizedRootGroup;
			path = ExpenseViewerUITests;
			sourceTree = "<group>";
		};
/* End PBXFileSystemSynchronizedRootGroup section */

/* Begin PBXFrameworksBuildPhase section */
		E60ED2B130572BD3005A8870 /* Frameworks */ = {
			isa = PBXFrameworksBuildPhase;
			buildActionMask = 2147483647;
			files = (
				E6A100013057BEEF005A8870 /* Expense in Frameworks */,
			);
			runOnlyForDeploymentPostprocessing = 0;
		};
		E60ED2BE30572BD7005A8870 /* Frameworks */ = {
			isa = PBXFrameworksBuildPhase;
			buildActionMask = 2147483647;
			files = (
			);
			runOnlyForDeploymentPostprocessing = 0;
		};
		E60ED2C830572BD7005A8870 /* Frameworks */ = {
			isa = PBXFrameworksBuildPhase;
			buildActionMask = 2147483647;
			files = (
			);
			runOnlyForDeploymentPostprocessing = 0;
		};
/* End PBXFrameworksBuildPhase section */

/* Begin PBXGroup section */
		E60ED2AB30572BD3005A8870 = {
			isa = PBXGroup;
			children = (
				E60ED2B630572BD3005A8870 /* ExpenseViewer */,
				E60ED2C430572BD7005A8870 /* ExpenseViewerTests */,
				E60ED2CE30572BD7005A8870 /* ExpenseViewerUITests */,
				E60ED2B530572BD3005A8870 /* Products */,
			);
			sourceTree = "<group>";
		};
		E60ED2B530572BD3005A8870 /* Products */ = {
			isa = PBXGroup;
			children = (
				E60ED2B430572BD3005A8870 /* ExpenseViewer.app */,
				E60ED2C130572BD7005A8870 /* ExpenseViewerTests.xctest */,
				E60ED2CB30572BD7005A8870 /* ExpenseViewerUITests.xctest */,
			);
			name = Products;
			sourceTree = "<group>";
		};
/* End PBXGroup section */

/* Begin PBXNativeTarget section */
		E60ED2B330572BD3005A8870 /* ExpenseViewer */ = {
			isa = PBXNativeTarget;
			buildConfigurationList = E60ED2D530572BD7005A8870 /* Build configuration list for PBXNativeTarget "ExpenseViewer" */;
			buildPhases = (
				E60ED2B030572BD3005A8870 /* Sources */,
				E60ED2B130572BD3005A8870 /* Frameworks */,
				E60ED2B230572BD3005A8870 /* Resources */,
			);
			buildRules = (
			);
			dependencies = (
			);
			fileSystemSynchronizedGroups = (
				E60ED2B630572BD3005A8870 /* ExpenseViewer */,
			);
			name = ExpenseViewer;
			packageProductDependencies = (
				E6A100033057BEEF005A8870 /* Expense */,
			);
			productName = ExpenseViewer;
			productReference = E60ED2B430572BD3005A8870 /* ExpenseViewer.app */;
			productType = "com.apple.product-type.application";
		};
		E60ED2C030572BD7005A8870 /* ExpenseViewerTests */ = {
			isa = PBXNativeTarget;
			buildConfigurationList = E60ED2D830572BD7005A8870 /* Build configuration list for PBXNativeTarget "ExpenseViewerTests" */;
			buildPhases = (
				E60ED2BD30572BD7005A8870 /* Sources */,
				E60ED2BE30572BD7005A8870 /* Frameworks */,
				E60ED2BF30572BD7005A8870 /* Resources */,
			);
			buildRules = (
			);
			dependencies = (
				E60ED2C330572BD7005A8870 /* PBXTargetDependency */,
			);
			fileSystemSynchronizedGroups = (
				E60ED2C430572BD7005A8870 /* ExpenseViewerTests */,
			);
			name = ExpenseViewerTests;
			packageProductDependencies = (
			);
			productName = ExpenseViewerTests;
			productReference = E60ED2C130572BD7005A8870 /* ExpenseViewerTests.xctest */;
			productType = "com.apple.product-type.bundle.unit-test";
		};
		E60ED2CA30572BD7005A8870 /* ExpenseViewerUITests */ = {
			isa = PBXNativeTarget;
			buildConfigurationList = E60ED2DB30572BD7005A8870 /* Build configuration list for PBXNativeTarget "ExpenseViewerUITests" */;
			buildPhases = (
				E60ED2C730572BD7005A8870 /* Sources */,
				E60ED2C830572BD7005A8870 /* Frameworks */,
				E60ED2C930572BD7005A8870 /* Resources */,
			);
			buildRules = (
			);
			dependencies = (
				E60ED2CD30572BD7005A8870 /* PBXTargetDependency */,
			);
			fileSystemSynchronizedGroups = (
				E60ED2CE30572BD7005A8870 /* ExpenseViewerUITests */,
			);
			name = ExpenseViewerUITests;
			packageProductDependencies = (
			);
			productName = ExpenseViewerUITests;
			productReference = E60ED2CB30572BD7005A8870 /* ExpenseViewerUITests.xctest */;
			productType = "com.apple.product-type.bundle.ui-testing";
		};
/* End PBXNativeTarget section */

/* Begin PBXProject section */
		E60ED2AC30572BD3005A8870 /* Project object */ = {
			isa = PBXProject;
			attributes = {
				BuildIndependentTargetsInParallel = 1;
				LastSwiftUpdateCheck = 2660;
				LastUpgradeCheck = 2660;
				TargetAttributes = {
					E60ED2B330572BD3005A8870 = {
						CreatedOnToolsVersion = 26.6;
					};
					E60ED2C030572BD7005A8870 = {
						CreatedOnToolsVersion = 26.6;
						TestTargetID = E60ED2B330572BD3005A8870;
					};
					E60ED2CA30572BD7005A8870 = {
						CreatedOnToolsVersion = 26.6;
						TestTargetID = E60ED2B330572BD3005A8870;
					};
				};
			};
			buildConfigurationList = E60ED2AF30572BD3005A8870 /* Build configuration list for PBXProject "ExpenseViewer" */;
			developmentRegion = en;
			hasScannedForEncodings = 0;
			knownRegions = (
				en,
				Base,
			);
			mainGroup = E60ED2AB30572BD3005A8870;
			minimizedProjectReferenceProxies = 1;
			packageReferences = (
				E6A100023057BEEF005A8870 /* XCLocalSwiftPackageReference "Packages/Expense" */,
			);
			preferredProjectObjectVersion = 77;
			productRefGroup = E60ED2B530572BD3005A8870 /* Products */;
			projectDirPath = "";
			projectRoot = "";
			targets = (
				E60ED2B330572BD3005A8870 /* ExpenseViewer */,
				E60ED2C030572BD7005A8870 /* ExpenseViewerTests */,
				E60ED2CA30572BD7005A8870 /* ExpenseViewerUITests */,
			);
		};
/* End PBXProject section */

/* Begin PBXResourcesBuildPhase section */
		E60ED2B230572BD3005A8870 /* Resources */ = {
			isa = PBXResourcesBuildPhase;
			buildActionMask = 2147483647;
			files = (
			);
			runOnlyForDeploymentPostprocessing = 0;
		};
		E60ED2BF30572BD7005A8870 /* Resources */ = {
			isa = PBXResourcesBuildPhase;
			buildActionMask = 2147483647;
			files = (
			);
			runOnlyForDeploymentPostprocessing = 0;
		};
		E60ED2C930572BD7005A8870 /* Resources */ = {
			isa = PBXResourcesBuildPhase;
			buildActionMask = 2147483647;
			files = (
			);
			runOnlyForDeploymentPostprocessing = 0;
		};
/* End PBXResourcesBuildPhase section */

/* Begin PBXSourcesBuildPhase section */
		E60ED2B030572BD3005A8870 /* Sources */ = {
			isa = PBXSourcesBuildPhase;
			buildActionMask = 2147483647;
			files = (
			);
			runOnlyForDeploymentPostprocessing = 0;
		};
		E60ED2BD30572BD7005A8870 /* Sources */ = {
			isa = PBXSourcesBuildPhase;
			buildActionMask = 2147483647;
			files = (
			);
			runOnlyForDeploymentPostprocessing = 0;
		};
		E60ED2C730572BD7005A8870 /* Sources */ = {
			isa = PBXSourcesBuildPhase;
			buildActionMask = 2147483647;
			files = (
			);
			runOnlyForDeploymentPostprocessing = 0;
		};
/* End PBXSourcesBuildPhase section */

/* Begin PBXTargetDependency section */
		E60ED2C330572BD7005A8870 /* PBXTargetDependency */ = {
			isa = PBXTargetDependency;
			target = E60ED2B330572BD3005A8870 /* ExpenseViewer */;
			targetProxy = E60ED2C230572BD7005A8870 /* PBXContainerItemProxy */;
		};
		E60ED2CD30572BD7005A8870 /* PBXTargetDependency */ = {
			isa = PBXTargetDependency;
			target = E60ED2B330572BD3005A8870 /* ExpenseViewer */;
			targetProxy = E60ED2CC30572BD7005A8870 /* PBXContainerItemProxy */;
		};
/* End PBXTargetDependency section */

/* Begin XCBuildConfiguration section */
		E60ED2D330572BD7005A8870 /* Debug */ = {
			isa = XCBuildConfiguration;
			buildSettings = {
				ALWAYS_SEARCH_USER_PATHS = NO;
				ASSETCATALOG_COMPILER_GENERATE_SWIFT_ASSET_SYMBOL_EXTENSIONS = YES;
				CLANG_ANALYZER_NONNULL = YES;
				CLANG_ANALYZER_NUMBER_OBJECT_CONVERSION = YES_AGGRESSIVE;
				CLANG_CXX_LANGUAGE_STANDARD = "gnu++20";
				CLANG_ENABLE_MODULES = YES;
				CLANG_ENABLE_OBJC_ARC = YES;
				CLANG_ENABLE_OBJC_WEAK = YES;
				CLANG_WARN_BLOCK_CAPTURE_AUTORELEASING = YES;
				CLANG_WARN_BOOL_CONVERSION = YES;
				CLANG_WARN_COMMA = YES;
				CLANG_WARN_CONSTANT_CONVERSION = YES;
				CLANG_WARN_DEPRECATED_OBJC_IMPLEMENTATIONS = YES;
				CLANG_WARN_DIRECT_OBJC_ISA_USAGE = YES_ERROR;
				CLANG_WARN_DOCUMENTATION_COMMENTS = YES;
				CLANG_WARN_EMPTY_BODY = YES;
				CLANG_WARN_ENUM_CONVERSION = YES;
				CLANG_WARN_INFINITE_RECURSION = YES;
				CLANG_WARN_INT_CONVERSION = YES;
				CLANG_WARN_NON_LITERAL_NULL_CONVERSION = YES;
				CLANG_WARN_OBJC_IMPLICIT_RETAIN_SELF = YES;
				CLANG_WARN_OBJC_LITERAL_CONVERSION = YES;
				CLANG_WARN_OBJC_ROOT_CLASS = YES_ERROR;
				CLANG_WARN_QUOTED_INCLUDE_IN_FRAMEWORK_HEADER = YES;
				CLANG_WARN_RANGE_LOOP_ANALYSIS = YES;
				CLANG_WARN_STRICT_PROTOTYPES = YES;
				CLANG_WARN_SUSPICIOUS_MOVE = YES;
				CLANG_WARN_UNGUARDED_AVAILABILITY = YES_AGGRESSIVE;
				CLANG_WARN_UNREACHABLE_CODE = YES;
				CLANG_WARN__DUPLICATE_METHOD_MATCH = YES;
				COPY_PHASE_STRIP = NO;
				DEBUG_INFORMATION_FORMAT = dwarf;
				DEVELOPMENT_TEAM = GG2238JL6U;
				ENABLE_STRICT_OBJC_MSGSEND = YES;
				ENABLE_TESTABILITY = YES;
				ENABLE_USER_SCRIPT_SANDBOXING = YES;
				GCC_C_LANGUAGE_STANDARD = gnu17;
				GCC_DYNAMIC_NO_PIC = NO;
				GCC_NO_COMMON_BLOCKS = YES;
				GCC_OPTIMIZATION_LEVEL = 0;
				GCC_PREPROCESSOR_DEFINITIONS = (
					"DEBUG=1",
					"$(inherited)",
				);
				GCC_WARN_64_TO_32_BIT_CONVERSION = YES;
				GCC_WARN_ABOUT_RETURN_TYPE = YES_ERROR;
				GCC_WARN_UNDECLARED_SELECTOR = YES;
				GCC_WARN_UNINITIALIZED_AUTOS = YES_AGGRESSIVE;
				GCC_WARN_UNUSED_FUNCTION = YES;
				GCC_WARN_UNUSED_VARIABLE = YES;
				IPHONEOS_DEPLOYMENT_TARGET = 17.0;
				LOCALIZATION_PREFERS_STRING_CATALOGS = YES;
				MTL_ENABLE_DEBUG_INFO = INCLUDE_SOURCE;
				MTL_FAST_MATH = YES;
				ONLY_ACTIVE_ARCH = YES;
				SDKROOT = iphoneos;
				SWIFT_ACTIVE_COMPILATION_CONDITIONS = "DEBUG $(inherited)";
				SWIFT_OPTIMIZATION_LEVEL = "-Onone";
			};
			name = Debug;
		};
		E60ED2D430572BD7005A8870 /* Release */ = {
			isa = XCBuildConfiguration;
			buildSettings = {
				ALWAYS_SEARCH_USER_PATHS = NO;
				ASSETCATALOG_COMPILER_GENERATE_SWIFT_ASSET_SYMBOL_EXTENSIONS = YES;
				CLANG_ANALYZER_NONNULL = YES;
				CLANG_ANALYZER_NUMBER_OBJECT_CONVERSION = YES_AGGRESSIVE;
				CLANG_CXX_LANGUAGE_STANDARD = "gnu++20";
				CLANG_ENABLE_MODULES = YES;
				CLANG_ENABLE_OBJC_ARC = YES;
				CLANG_ENABLE_OBJC_WEAK = YES;
				CLANG_WARN_BLOCK_CAPTURE_AUTORELEASING = YES;
				CLANG_WARN_BOOL_CONVERSION = YES;
				CLANG_WARN_COMMA = YES;
				CLANG_WARN_CONSTANT_CONVERSION = YES;
				CLANG_WARN_DEPRECATED_OBJC_IMPLEMENTATIONS = YES;
				CLANG_WARN_DIRECT_OBJC_ISA_USAGE = YES_ERROR;
				CLANG_WARN_DOCUMENTATION_COMMENTS = YES;
				CLANG_WARN_EMPTY_BODY = YES;
				CLANG_WARN_ENUM_CONVERSION = YES;
				CLANG_WARN_INFINITE_RECURSION = YES;
				CLANG_WARN_INT_CONVERSION = YES;
				CLANG_WARN_NON_LITERAL_NULL_CONVERSION = YES;
				CLANG_WARN_OBJC_IMPLICIT_RETAIN_SELF = YES;
				CLANG_WARN_OBJC_LITERAL_CONVERSION = YES;
				CLANG_WARN_OBJC_ROOT_CLASS = YES_ERROR;
				CLANG_WARN_QUOTED_INCLUDE_IN_FRAMEWORK_HEADER = YES;
				CLANG_WARN_RANGE_LOOP_ANALYSIS = YES;
				CLANG_WARN_STRICT_PROTOTYPES = YES;
				CLANG_WARN_SUSPICIOUS_MOVE = YES;
				CLANG_WARN_UNGUARDED_AVAILABILITY = YES_AGGRESSIVE;
				CLANG_WARN_UNREACHABLE_CODE = YES;
				CLANG_WARN__DUPLICATE_METHOD_MATCH = YES;
				COPY_PHASE_STRIP = NO;
				DEBUG_INFORMATION_FORMAT = "dwarf-with-dsym";
				DEVELOPMENT_TEAM = GG2238JL6U;
				ENABLE_NS_ASSERTIONS = NO;
				ENABLE_STRICT_OBJC_MSGSEND = YES;
				ENABLE_USER_SCRIPT_SANDBOXING = YES;
				GCC_C_LANGUAGE_STANDARD = gnu17;
				GCC_NO_COMMON_BLOCKS = YES;
				GCC_WARN_64_TO_32_BIT_CONVERSION = YES;
				GCC_WARN_ABOUT_RETURN_TYPE = YES_ERROR;
				GCC_WARN_UNDECLARED_SELECTOR = YES;
				GCC_WARN_UNINITIALIZED_AUTOS = YES_AGGRESSIVE;
				GCC_WARN_UNUSED_FUNCTION = YES;
				GCC_WARN_UNUSED_VARIABLE = YES;
				IPHONEOS_DEPLOYMENT_TARGET = 17.0;
				LOCALIZATION_PREFERS_STRING_CATALOGS = YES;
				MTL_ENABLE_DEBUG_INFO = NO;
				MTL_FAST_MATH = YES;
				SDKROOT = iphoneos;
				SWIFT_COMPILATION_MODE = wholemodule;
				VALIDATE_PRODUCT = YES;
			};
			name = Release;
		};
		E60ED2D630572BD7005A8870 /* Debug */ = {
			isa = XCBuildConfiguration;
			buildSettings = {
				ASSETCATALOG_COMPILER_APPICON_NAME = AppIcon;
				ASSETCATALOG_COMPILER_GLOBAL_ACCENT_COLOR_NAME = AccentColor;
				CODE_SIGN_STYLE = Automatic;
				CURRENT_PROJECT_VERSION = 1;
				DEVELOPMENT_TEAM = GG2238JL6U;
				GENERATE_INFOPLIST_FILE = YES;
				INFOPLIST_KEY_UIApplicationSceneManifest_Generation = YES;
				INFOPLIST_KEY_UIApplicationSupportsIndirectInputEvents = YES;
				INFOPLIST_KEY_UILaunchScreen_Generation = YES;
				INFOPLIST_KEY_UISupportedInterfaceOrientations_iPad = "UIInterfaceOrientationPortrait UIInterfaceOrientationPortraitUpsideDown UIInterfaceOrientationLandscapeLeft UIInterfaceOrientationLandscapeRight";
				INFOPLIST_KEY_UISupportedInterfaceOrientations_iPhone = "UIInterfaceOrientationPortrait UIInterfaceOrientationLandscapeLeft UIInterfaceOrientationLandscapeRight";
				LD_RUNPATH_SEARCH_PATHS = (
					"$(inherited)",
					"@executable_path/Frameworks",
				);
				MARKETING_VERSION = 1.0;
				PRODUCT_BUNDLE_IDENTIFIER = com.emburse.ExpenseViewer;
				PRODUCT_NAME = "$(TARGET_NAME)";
				STRING_CATALOG_GENERATE_SYMBOLS = YES;
				SWIFT_APPROACHABLE_CONCURRENCY = YES;
				SWIFT_DEFAULT_ACTOR_ISOLATION = MainActor;
				SWIFT_EMIT_LOC_STRINGS = YES;
				SWIFT_UPCOMING_FEATURE_MEMBER_IMPORT_VISIBILITY = YES;
				SWIFT_VERSION = 6.0;
				TARGETED_DEVICE_FAMILY = "1,2";
			};
			name = Debug;
		};
		E60ED2D730572BD7005A8870 /* Release */ = {
			isa = XCBuildConfiguration;
			buildSettings = {
				ASSETCATALOG_COMPILER_APPICON_NAME = AppIcon;
				ASSETCATALOG_COMPILER_GLOBAL_ACCENT_COLOR_NAME = AccentColor;
				CODE_SIGN_STYLE = Automatic;
				CURRENT_PROJECT_VERSION = 1;
				DEVELOPMENT_TEAM = GG2238JL6U;
				GENERATE_INFOPLIST_FILE = YES;
				INFOPLIST_KEY_UIApplicationSceneManifest_Generation = YES;
				INFOPLIST_KEY_UIApplicationSupportsIndirectInputEvents = YES;
				INFOPLIST_KEY_UILaunchScreen_Generation = YES;
				INFOPLIST_KEY_UISupportedInterfaceOrientations_iPad = "UIInterfaceOrientationPortrait UIInterfaceOrientationPortraitUpsideDown UIInterfaceOrientationLandscapeLeft UIInterfaceOrientationLandscapeRight";
				INFOPLIST_KEY_UISupportedInterfaceOrientations_iPhone = "UIInterfaceOrientationPortrait UIInterfaceOrientationLandscapeLeft UIInterfaceOrientationLandscapeRight";
				LD_RUNPATH_SEARCH_PATHS = (
					"$(inherited)",
					"@executable_path/Frameworks",
				);
				MARKETING_VERSION = 1.0;
				PRODUCT_BUNDLE_IDENTIFIER = com.emburse.ExpenseViewer;
				PRODUCT_NAME = "$(TARGET_NAME)";
				STRING_CATALOG_GENERATE_SYMBOLS = YES;
				SWIFT_APPROACHABLE_CONCURRENCY = YES;
				SWIFT_DEFAULT_ACTOR_ISOLATION = MainActor;
				SWIFT_EMIT_LOC_STRINGS = YES;
				SWIFT_UPCOMING_FEATURE_MEMBER_IMPORT_VISIBILITY = YES;
				SWIFT_VERSION = 6.0;
				TARGETED_DEVICE_FAMILY = "1,2";
			};
			name = Release;
		};
		E60ED2D930572BD7005A8870 /* Debug */ = {
			isa = XCBuildConfiguration;
			buildSettings = {
				BUNDLE_LOADER = "$(TEST_HOST)";
				CODE_SIGN_STYLE = Automatic;
				CURRENT_PROJECT_VERSION = 1;
				DEVELOPMENT_TEAM = GG2238JL6U;
				GENERATE_INFOPLIST_FILE = YES;
				IPHONEOS_DEPLOYMENT_TARGET = 17.0;
				MARKETING_VERSION = 1.0;
				PRODUCT_BUNDLE_IDENTIFIER = com.emburse.ExpenseViewerTests;
				PRODUCT_NAME = "$(TARGET_NAME)";
				STRING_CATALOG_GENERATE_SYMBOLS = NO;
				SWIFT_APPROACHABLE_CONCURRENCY = YES;
				SWIFT_EMIT_LOC_STRINGS = NO;
				SWIFT_UPCOMING_FEATURE_MEMBER_IMPORT_VISIBILITY = YES;
				SWIFT_VERSION = 6.0;
				TARGETED_DEVICE_FAMILY = "1,2";
				TEST_HOST = "$(BUILT_PRODUCTS_DIR)/ExpenseViewer.app/$(BUNDLE_EXECUTABLE_FOLDER_PATH)/ExpenseViewer";
			};
			name = Debug;
		};
		E60ED2DA30572BD7005A8870 /* Release */ = {
			isa = XCBuildConfiguration;
			buildSettings = {
				BUNDLE_LOADER = "$(TEST_HOST)";
				CODE_SIGN_STYLE = Automatic;
				CURRENT_PROJECT_VERSION = 1;
				DEVELOPMENT_TEAM = GG2238JL6U;
				GENERATE_INFOPLIST_FILE = YES;
				IPHONEOS_DEPLOYMENT_TARGET = 17.0;
				MARKETING_VERSION = 1.0;
				PRODUCT_BUNDLE_IDENTIFIER = com.emburse.ExpenseViewerTests;
				PRODUCT_NAME = "$(TARGET_NAME)";
				STRING_CATALOG_GENERATE_SYMBOLS = NO;
				SWIFT_APPROACHABLE_CONCURRENCY = YES;
				SWIFT_EMIT_LOC_STRINGS = NO;
				SWIFT_UPCOMING_FEATURE_MEMBER_IMPORT_VISIBILITY = YES;
				SWIFT_VERSION = 6.0;
				TARGETED_DEVICE_FAMILY = "1,2";
				TEST_HOST = "$(BUILT_PRODUCTS_DIR)/ExpenseViewer.app/$(BUNDLE_EXECUTABLE_FOLDER_PATH)/ExpenseViewer";
			};
			name = Release;
		};
		E60ED2DC30572BD7005A8870 /* Debug */ = {
			isa = XCBuildConfiguration;
			buildSettings = {
				CODE_SIGN_STYLE = Automatic;
				CURRENT_PROJECT_VERSION = 1;
				DEVELOPMENT_TEAM = GG2238JL6U;
				GENERATE_INFOPLIST_FILE = YES;
				MARKETING_VERSION = 1.0;
				PRODUCT_BUNDLE_IDENTIFIER = com.emburse.ExpenseViewerUITests;
				PRODUCT_NAME = "$(TARGET_NAME)";
				STRING_CATALOG_GENERATE_SYMBOLS = NO;
				SWIFT_APPROACHABLE_CONCURRENCY = YES;
				SWIFT_EMIT_LOC_STRINGS = NO;
				SWIFT_UPCOMING_FEATURE_MEMBER_IMPORT_VISIBILITY = YES;
				SWIFT_VERSION = 6.0;
				TARGETED_DEVICE_FAMILY = "1,2";
				TEST_TARGET_NAME = ExpenseViewer;
			};
			name = Debug;
		};
		E60ED2DD30572BD7005A8870 /* Release */ = {
			isa = XCBuildConfiguration;
			buildSettings = {
				CODE_SIGN_STYLE = Automatic;
				CURRENT_PROJECT_VERSION = 1;
				DEVELOPMENT_TEAM = GG2238JL6U;
				GENERATE_INFOPLIST_FILE = YES;
				MARKETING_VERSION = 1.0;
				PRODUCT_BUNDLE_IDENTIFIER = com.emburse.ExpenseViewerUITests;
				PRODUCT_NAME = "$(TARGET_NAME)";
				STRING_CATALOG_GENERATE_SYMBOLS = NO;
				SWIFT_APPROACHABLE_CONCURRENCY = YES;
				SWIFT_EMIT_LOC_STRINGS = NO;
				SWIFT_UPCOMING_FEATURE_MEMBER_IMPORT_VISIBILITY = YES;
				SWIFT_VERSION = 6.0;
				TARGETED_DEVICE_FAMILY = "1,2";
				TEST_TARGET_NAME = ExpenseViewer;
			};
			name = Release;
		};
/* End XCBuildConfiguration section */

/* Begin XCConfigurationList section */
		E60ED2AF30572BD3005A8870 /* Build configuration list for PBXProject "ExpenseViewer" */ = {
			isa = XCConfigurationList;
			buildConfigurations = (
				E60ED2D330572BD7005A8870 /* Debug */,
				E60ED2D430572BD7005A8870 /* Release */,
			);
			defaultConfigurationIsVisible = 0;
			defaultConfigurationName = Release;
		};
		E60ED2D530572BD7005A8870 /* Build configuration list for PBXNativeTarget "ExpenseViewer" */ = {
			isa = XCConfigurationList;
			buildConfigurations = (
				E60ED2D630572BD7005A8870 /* Debug */,
				E60ED2D730572BD7005A8870 /* Release */,
			);
			defaultConfigurationIsVisible = 0;
			defaultConfigurationName = Release;
		};
		E60ED2D830572BD7005A8870 /* Build configuration list for PBXNativeTarget "ExpenseViewerTests" */ = {
			isa = XCConfigurationList;
			buildConfigurations = (
				E60ED2D930572BD7005A8870 /* Debug */,
				E60ED2DA30572BD7005A8870 /* Release */,
			);
			defaultConfigurationIsVisible = 0;
			defaultConfigurationName = Release;
		};
		E60ED2DB30572BD7005A8870 /* Build configuration list for PBXNativeTarget "ExpenseViewerUITests" */ = {
			isa = XCConfigurationList;
			buildConfigurations = (
				E60ED2DC30572BD7005A8870 /* Debug */,
				E60ED2DD30572BD7005A8870 /* Release */,
			);
			defaultConfigurationIsVisible = 0;
			defaultConfigurationName = Release;
		};
/* End XCConfigurationList section */

/* Begin XCLocalSwiftPackageReference section */
		E6A100023057BEEF005A8870 /* XCLocalSwiftPackageReference "Packages/Expense" */ = {
			isa = XCLocalSwiftPackageReference;
			relativePath = Packages/Expense;
		};
/* End XCLocalSwiftPackageReference section */

/* Begin XCSwiftPackageProductDependency section */
		E6A100033057BEEF005A8870 /* Expense */ = {
			isa = XCSwiftPackageProductDependency;
			package = E6A100023057BEEF005A8870 /* XCLocalSwiftPackageReference "Packages/Expense" */;
			productName = Expense;
		};
/* End XCSwiftPackageProductDependency section */
	};
	rootObject = E60ED2AC30572BD3005A8870 /* Project object */;
}
